// !$*UTF8*$!
{
	archiveVersion = 1;
	classes = {
	};
	objectVersion = 56;
	objects = {

/* Begin PBXBuildFile section */
		A1000001000000000000001 /* BridgeSampleApp.swift in Sources */ = {isa = PBXBuildFile; fileRef = A1000002000000000000001 /* BridgeSampleApp.swift */; };
		A1000010000000000000001 /* Assets.xcassets in Resources */ = {isa = PBXBuildFile; fileRef = A1000010000000000000002 /* Assets.xcassets */; };
		A1000011000000000000001 /* index.html in Resources */ = {isa = PBXBuildFile; fileRef = A1000012000000000000001 /* index.html */; };
		A1000031000000000000001 /* TopNavigationView.swift in Sources */ = {isa = PBXBuildFile; fileRef = A1000032000000000000001 /* TopNavigationView.swift */; };
		A1000033000000000000001 /* BottomNavigationService.swift in Sources */ = {isa = PBXBuildFile; fileRef = A1000034000000000000001 /* BottomNavigationService.swift */; };
		A1000034100000000000001 /* TabNavigationService.swift in Sources */ = {isa = PBXBuildFile; fileRef = A1000034200000000000001 /* TabNavigationService.swift */; };
		A1000035000000000000001 /* WebViewContainer.swift in Sources */ = {isa = PBXBuildFile; fileRef = A1000036000000000000001 /* WebViewContainer.swift */; };
		A1000037000000000000001 /* WebViewScreen.swift in Sources */ = {isa = PBXBuildFile; fileRef = A1000038000000000000001 /* WebViewScreen.swift */; };
		A1000039000000000000001 /* MainTabView.swift in Sources */ = {isa = PBXBuildFile; fileRef = A1000040000000000000001 /* MainTabView.swift */; };
		C358B8802EA918F900E7497B /* WebViewController+WindowFocus.swift in Sources */ = {isa = PBXBuildFile; fileRef = C358B87F2EA918F900E7497B /* WebViewController+WindowFocus.swift */; };
		C35C0E5B2EA780C000D4D420 /* OpenSettingsHandler.swift in Sources */ = {isa = PBXBuildFile; fileRef = C35C0E4A2EA780C000D4D420 /* OpenSettingsHandler.swift */; };
		C35C0E5C2EA780C000D4D420 /* LoadSecureDataHandler.swift in Sources */ = {isa = PBXBuildFile; fileRef = C35C0E472EA780C000D4D420 /* LoadSecureDataHandler.swift */; };
		C35C0E5D2EA780C000D4D420 /* TrackEventHandler.swift in Sources */ = {isa = PBXBuildFile; fileRef = C35C0E532EA780C000D4D420 /* TrackEventHandler.swift */; };
		C35C0E5E2EA780C000D4D420 /* DeviceInfoHandler.swift in Sources */ = {isa = PBXBuildFile; fileRef = C35C0E432EA780C000D4D420 /* DeviceInfoHandler.swift */; };

		C35C0E602EA780C000D4D420 /* SystemBarsHandler.swift in Sources */ = {isa = PBXBuildFile; fileRef = C35C0E512EA780C000D4D420 /* SystemBarsHandler.swift */; };
		C35C0E612EA780C000D4D420 /* TopNavigationHandler.swift in Sources */ = {isa = PBXBuildFile; fileRef = C35C0E522EA780C000D4D420 /* TopNavigationHandler.swift */; };
		C35C0E622EA780C000D4D420 /* BridgeCommand.swift in Sources */ = {isa = PBXBuildFile; fileRef = C35C0E562EA780C000D4D420 /* BridgeCommand.swift */; };
		C35C0E632EA780C000D4D420 /* KeychainHelper.swift in Sources */ = {isa = PBXBuildFile; fileRef = C35C0E452EA780C000D4D420 /* KeychainHelper.swift */; };
		C35C0E642EA780C000D4D420 /* NetworkStatusHandler.swift in Sources */ = {isa = PBXBuildFile; fileRef = C35C0E492EA780C000D4D420 /* NetworkStatusHandler.swift */; };
		C35C0E652EA780C000D4D420 /* ShowAlertHandler.swift in Sources */ = {isa = PBXBuildFile; fileRef = C35C0E4F2EA780C000D4D420 /* ShowAlertHandler.swift */; };
		C35C0E662EA780C000D4D420 /* JavaScriptBridgeMessage.swift in Sources */ = {isa = PBXBuildFile; fileRef = C35C0E582EA780C000D4D420 /* JavaScriptBridgeMessage.swift */; };
		C35C0E672EA780C000D4D420 /* JavaScriptBridgeScript.swift in Sources */ = {isa = PBXBuildFile; fileRef = C35C0E592EA780C000D4D420 /* JavaScriptBridgeScript.swift */; };
		C35C0E682EA780C000D4D420 /* CopyToClipboardHandler.swift in Sources */ = {isa = PBXBuildFile; fileRef = C35C0E422EA780C000D4D420 /* CopyToClipboardHandler.swift */; };
		C35C0E692EA780C000D4D420 /* RemoveSecureDataHandler.swift in Sources */ = {isa = PBXBuildFile; fileRef = C35C0E4D2EA780C000D4D420 /* RemoveSecureDataHandler.swift */; };
		C35C0E6A2EA780C000D4D420 /* HapticHandler.swift in Sources */ = {isa = PBXBuildFile; fileRef = C35C0E442EA780C000D4D420 /* HapticHandler.swift */; };
		C35C0E6B2EA780C000D4D420 /* ShowToastHandler.swift in Sources */ = {isa = PBXBuildFile; fileRef = C35C0E502EA780C000D4D420 /* ShowToastHandler.swift */; };
		C35C0E6C2EA780C000D4D420 /* OpenUrlHandler.swift in Sources */ = {isa = PBXBuildFile; fileRef = C35C0E4B2EA780C000D4D420 /* OpenUrlHandler.swift */; };
		C35C0E6D2EA780C000D4D420 /* RefreshHandler.swift in Sources */ = {isa = PBXBuildFile; fileRef = C35C0E4C2EA780C000D4D420 /* RefreshHandler.swift */; };
		C35C0E6E2EA780C000D4D420 /* BottomNavigationHandler.swift in Sources */ = {isa = PBXBuildFile; fileRef = C35C0E412EA780C000D4D420 /* BottomNavigationHandler.swift */; };
		C35C0E6F2EA780C000D4D420 /* JavaScriptBridge.swift in Sources */ = {isa = PBXBuildFile; fileRef = C35C0E572EA780C000D4D420 /* JavaScriptBridge.swift */; };
		C35C0E702EA780C000D4D420 /* TrackScreenHandler.swift in Sources */ = {isa = PBXBuildFile; fileRef = C35C0E542EA780C000D4D420 /* TrackScreenHandler.swift */; };
		C35C0E712EA780C000D4D420 /* NavigationHandler.swift in Sources */ = {isa = PBXBuildFile; fileRef = C35C0E482EA780C000D4D420 /* NavigationHandler.swift */; };
		C35C0E722EA780C000D4D420 /* SaveSecureDataHandler.swift in Sources */ = {isa = PBXBuildFile; fileRef = C35C0E4E2EA780C000D4D420 /* SaveSecureDataHandler.swift */; };
		C35C0E7C2EA7AD3800D4D420 /* Orchard in Frameworks */ = {isa = PBXBuildFile; productRef = C35C0E7B2EA7AD3800D4D420 /* Orchard */; };
/* End PBXBuildFile section */

/* Begin PBXFileReference section */
		A1000002000000000000001 /* BridgeSampleApp.swift */ = {isa = PBXFileReference; lastKnownFileType = sourcecode.swift; path = BridgeSampleApp.swift; sourceTree = "<group>"; };
		A1000010000000000000002 /* Assets.xcassets */ = {isa = PBXFileReference; lastKnownFileType = folder.assetcatalog; path = Assets.xcassets; sourceTree = "<group>"; };
		A1000012000000000000001 /* index.html */ = {isa = PBXFileReference; lastKnownFileType = text.html; path = index.html; sourceTree = "<group>"; };
		A1000013000000000000001 /* Info.plist */ = {isa = PBXFileReference; lastKnownFileType = text.plist.xml; path = Info.plist; sourceTree = "<group>"; };
		A1000014000000000000001 /* BridgeSample.app */ = {isa = PBXFileReference; explicitFileType = wrapper.application; includeInIndex = 0; path = BridgeSample.app; sourceTree = BUILT_PRODUCTS_DIR; };
		A1000032000000000000001 /* TopNavigationView.swift */ = {isa = PBXFileReference; lastKnownFileType = sourcecode.swift; path = TopNavigationView.swift; sourceTree = "<group>"; };
		A1000034000000000000001 /* BottomNavigationService.swift */ = {isa = PBXFileReference; lastKnownFileType = sourcecode.swift; path = BottomNavigationService.swift; sourceTree = "<group>"; };
		A1000034200000000000001 /* TabNavigationService.swift */ = {isa = PBXFileReference; lastKnownFileType = sourcecode.swift; path = TabNavigationService.swift; sourceTree = "<group>"; };
		A1000036000000000000001 /* WebViewContainer.swift */ = {isa = PBXFileReference; lastKnownFileType = sourcecode.swift; path = WebViewContainer.swift; sourceTree = "<group>"; };
		A1000038000000000000001 /* WebViewScreen.swift */ = {isa = PBXFileReference; lastKnownFileType = sourcecode.swift; path = WebViewScreen.swift; sourceTree = "<group>"; };
		A1000040000000000000001 /* MainTabView.swift */ = {isa = PBXFileReference; lastKnownFileType = sourcecode.swift; path = MainTabView.swift; sourceTree = "<group>"; };
		C358B87F2EA918F900E7497B /* WebViewController+WindowFocus.swift */ = {isa = PBXFileReference; lastKnownFileType = sourcecode.swift; path = "WebViewController+WindowFocus.swift"; sourceTree = "<group>"; };
		C35C0E412EA780C000D4D420 /* BottomNavigationHandler.swift */ = {isa = PBXFileReference; lastKnownFileType = sourcecode.swift; path = BottomNavigationHandler.swift; sourceTree = "<group>"; };
		C35C0E422EA780C000D4D420 /* CopyToClipboardHandler.swift */ = {isa = PBXFileReference; lastKnownFileType = sourcecode.swift; path = CopyToClipboardHandler.swift; sourceTree = "<group>"; };
		C35C0E432EA780C000D4D420 /* DeviceInfoHandler.swift */ = {isa = PBXFileReference; lastKnownFileType = sourcecode.swift; path = DeviceInfoHandler.swift; sourceTree = "<group>"; };
		C35C0E442EA780C000D4D420 /* HapticHandler.swift */ = {isa = PBXFileReference; lastKnownFileType = sourcecode.swift; path = HapticHandler.swift; sourceTree = "<group>"; };
		C35C0E452EA780C000D4D420 /* KeychainHelper.swift */ = {isa = PBXFileReference; lastKnownFileType = sourcecode.swift; path = KeychainHelper.swift; sourceTree = "<group>"; };

		C35C0E472EA780C000D4D420 /* LoadSecureDataHandler.swift */ = {isa = PBXFileReference; lastKnownFileType = sourcecode.swift; path = LoadSecureDataHandler.swift; sourceTree = "<group>"; };
		C35C0E482EA780C000D4D420 /* NavigationHandler.swift */ = {isa = PBXFileReference; lastKnownFileType = sourcecode.swift; path = NavigationHandler.swift; sourceTree = "<group>"; };
		C35C0E492EA780C000D4D420 /* NetworkStatusHandler.swift */ = {isa = PBXFileReference; lastKnownFileType = sourcecode.swift; path = NetworkStatusHandler.swift; sourceTree = "<group>"; };
		C35C0E4A2EA780C000D4D420 /* OpenSettingsHandler.swift */ = {isa = PBXFileReference; lastKnownFileType = sourcecode.swift; path = OpenSettingsHandler.swift; sourceTree = "<group>"; };
		C35C0E4B2EA780C000D4D420 /* OpenUrlHandler.swift */ = {isa = PBXFileReference; lastKnownFileType = sourcecode.swift; path = OpenUrlHandler.swift; sourceTree = "<group>"; };
		C35C0E4C2EA780C000D4D420 /* RefreshHandler.swift */ = {isa = PBXFileReference; lastKnownFileType = sourcecode.swift; path = RefreshHandler.swift; sourceTree = "<group>"; };
		C35C0E4D2EA780C000D4D420 /* RemoveSecureDataHandler.swift */ = {isa = PBXFileReference; lastKnownFileType = sourcecode.swift; path = RemoveSecureDataHandler.swift; sourceTree = "<group>"; };
		C35C0E4E2EA780C000D4D420 /* SaveSecureDataHandler.swift */ = {isa = PBXFileReference; lastKnownFileType = sourcecode.swift; path = SaveSecureDataHandler.swift; sourceTree = "<group>"; };
		C35C0E4F2EA780C000D4D420 /* ShowAlertHandler.swift */ = {isa = PBXFileReference; lastKnownFileType = sourcecode.swift; path = ShowAlertHandler.swift; sourceTree = "<group>"; };
		C35C0E502EA780C000D4D420 /* ShowToastHandler.swift */ = {isa = PBXFileReference; lastKnownFileType = sourcecode.swift; path = ShowToastHandler.swift; sourceTree = "<group>"; };
		C35C0E512EA780C000D4D420 /* SystemBarsHandler.swift */ = {isa = PBXFileReference; lastKnownFileType = sourcecode.swift; path = SystemBarsHandler.swift; sourceTree = "<group>"; };
		C35C0E522EA780C000D4D420 /* TopNavigationHandler.swift */ = {isa = PBXFileReference; lastKnownFileType = sourcecode.swift; path = TopNavigationHandler.swift; sourceTree = "<group>"; };
		C35C0E532EA780C000D4D420 /* TrackEventHandler.swift */ = {isa = PBXFileReference; lastKnownFileType = sourcecode.swift; path = TrackEventHandler.swift; sourceTree = "<group>"; };
		C35C0E542EA780C000D4D420 /* TrackScreenHandler.swift */ = {isa = PBXFileReference; lastKnownFileType = sourcecode.swift; path = TrackScreenHandler.swift; sourceTree = "<group>"; };
		C35C0E562EA780C000D4D420 /* BridgeCommand.swift */ = {isa = PBXFileReference; lastKnownFileType = sourcecode.swift; path = BridgeCommand.swift; sourceTree = "<group>"; };
		C35C0E572EA780C000D4D420 /* JavaScriptBridge.swift */ = {isa = PBXFileReference; lastKnownFileType = sourcecode.swift; path = JavaScriptBridge.swift; sourceTree = "<group>"; };
		C35C0E582EA780C000D4D420 /* JavaScriptBridgeMessage.swift */ = {isa = PBXFileReference; lastKnownFileType = sourcecode.swift; path = JavaScriptBridgeMessage.swift; sourceTree = "<group>"; };
		C35C0E592EA780C000D4D420 /* JavaScriptBridgeScript.swift */ = {isa = PBXFileReference; lastKnownFileType = sourcecode.swift; path = JavaScriptBridgeScript.swift; sourceTree = "<group>"; };
/* End PBXFileReference section */

/* Begin PBXFrameworksBuildPhase section */
		A1000015000000000000001 /* Frameworks */ = {
			isa = PBXFrameworksBuildPhase;
			buildActionMask = 2147483647;
			files = (
				C35C0E7C2EA7AD3800D4D420 /* Orchard in Frameworks */,
			);
			runOnlyForDeploymentPostprocessing = 0;
		};
/* End PBXFrameworksBuildPhase section */

/* Begin PBXGroup section */
		A1000016000000000000001 = {
			isa = PBXGroup;
			children = (
				A1000017000000000000001 /* BridgeSample */,
				A1000018000000000000001 /* Products */,
			);
			sourceTree = "<group>";
		};
		A1000017000000000000001 /* BridgeSample */ = {
			isa = PBXGroup;
			children = (
				C35C0E5A2EA780C000D4D420 /* Bridge */,
				A1000041000000000000001 /* Views */,
				A1000013000000000000001 /* Info.plist */,
				A1000002000000000000001 /* BridgeSampleApp.swift */,
				A1000010000000000000002 /* Assets.xcassets */,
				A1000020000000000000001 /* Resources */,
			);
			path = BridgeSample;
			sourceTree = "<group>";
		};
		A1000018000000000000001 /* Products */ = {
			isa = PBXGroup;
			children = (
				A1000014000000000000001 /* BridgeSample.app */,
			);
			name = Products;
			sourceTree = "<group>";
		};
		A1000020000000000000001 /* Resources */ = {
			isa = PBXGroup;
			children = (
				A1000012000000000000001 /* index.html */,
			);
			path = Resources;
			sourceTree = "<group>";
		};
		A1000041000000000000001 /* Views */ = {
			isa = PBXGroup;
			children = (
				C358B87F2EA918F900E7497B /* WebViewController+WindowFocus.swift */,
				A1000036000000000000001 /* WebViewContainer.swift */,
				A1000038000000000000001 /* WebViewScreen.swift */,
				A1000040000000000000001 /* MainTabView.swift */,
			);
			path = Views;
			sourceTree = "<group>";
		};
		C35C0E552EA780C000D4D420 /* Commands */ = {
			isa = PBXGroup;
			children = (
				C35C0E792EA7880C00D4D420 /* storage */,
				C35C0E782EA7880300D4D420 /* tracking */,
				C35C0E772EA787C000D4D420 /* bottomnavigation */,
				C35C0E762EA787B500D4D420 /* topnavigation */,
				C35C0E422EA780C000D4D420 /* CopyToClipboardHandler.swift */,
				C35C0E432EA780C000D4D420 /* DeviceInfoHandler.swift */,
				C35C0E442EA780C000D4D420 /* HapticHandler.swift */,

				C35C0E482EA780C000D4D420 /* NavigationHandler.swift */,
				C35C0E492EA780C000D4D420 /* NetworkStatusHandler.swift */,
				C35C0E4A2EA780C000D4D420 /* OpenSettingsHandler.swift */,
				C35C0E4B2EA780C000D4D420 /* OpenUrlHandler.swift */,
				C35C0E4C2EA780C000D4D420 /* RefreshHandler.swift */,
				C35C0E4F2EA780C000D4D420 /* ShowAlertHandler.swift */,
				C35C0E502EA780C000D4D420 /* ShowToastHandler.swift */,
				C35C0E512EA780C000D4D420 /* SystemBarsHandler.swift */,
			);
			path = Commands;
			sourceTree = "<group>";
		};
		C35C0E5A2EA780C000D4D420 /* Bridge */ = {
			isa = PBXGroup;
			children = (
				C35C0E552EA780C000D4D420 /* Commands */,
				C35C0E562EA780C000D4D420 /* BridgeCommand.swift */,
				C35C0E572EA780C000D4D420 /* JavaScriptBridge.swift */,
				C35C0E582EA780C000D4D420 /* JavaScriptBridgeMessage.swift */,
				C35C0E592EA780C000D4D420 /* JavaScriptBridgeScript.swift */,
			);
			path = Bridge;
			sourceTree = "<group>";
		};
		C35C0E762EA787B500D4D420 /* topnavigation */ = {
			isa = PBXGroup;
			children = (
				C35C0E522EA780C000D4D420 /* TopNavigationHandler.swift */,
				A1000032000000000000001 /* TopNavigationView.swift */,
			);
			path = topnavigation;
			sourceTree = "<group>";
		};
		C35C0E772EA787C000D4D420 /* bottomnavigation */ = {
			isa = PBXGroup;
			children = (
				C35C0E412EA780C000D4D420 /* BottomNavigationHandler.swift */,
				A1000034000000000000001 /* BottomNavigationService.swift */,
				A1000034200000000000001 /* TabNavigationService.swift */,
			);
			path = bottomnavigation;
			sourceTree = "<group>";
		};
		C35C0E782EA7880300D4D420 /* tracking */ = {
			isa = PBXGroup;
			children = (
				C35C0E532EA780C000D4D420 /* TrackEventHandler.swift */,
				C35C0E542EA780C000D4D420 /* TrackScreenHandler.swift */,
			);
			path = tracking;
			sourceTree = "<group>";
		};
		C35C0E792EA7880C00D4D420 /* storage */ = {
			isa = PBXGroup;
			children = (
				C35C0E472EA780C000D4D420 /* LoadSecureDataHandler.swift */,
				C35C0E4D2EA780C000D4D420 /* RemoveSecureDataHandler.swift */,
				C35C0E4E2EA780C000D4D420 /* SaveSecureDataHandler.swift */,
				C35C0E452EA780C000D4D420 /* KeychainHelper.swift */,
			);
			path = storage;
			sourceTree = "<group>";
		};
/* End PBXGroup section */

/* Begin PBXNativeTarget section */
		A1000021000000000000001 /* BridgeSample */ = {
			isa = PBXNativeTarget;
			buildConfigurationList = A1000022000000000000001 /* Build configuration list for PBXNativeTarget "BridgeSample" */;
			buildPhases = (
				A1000023000000000000001 /* Sources */,
				A1000015000000000000001 /* Frameworks */,
				A1000024000000000000001 /* Resources */,
			);
			buildRules = (
			);
			dependencies = (
			);
			name = BridgeSample;
			productName = BridgeSample;
			productReference = A1000014000000000000001 /* BridgeSample.app */;
			productType = "com.apple.product-type.application";
		};
/* End PBXNativeTarget section */

/* Begin PBXProject section */
		A1000025000000000000001 /* Project object */ = {
			isa = PBXProject;
			attributes = {
				BuildIndependentTargetsInParallel = 1;
				LastSwiftUpdateCheck = 1500;
				LastUpgradeCheck = 1500;
			};
			buildConfigurationList = A1000026000000000000001 /* Build configuration list for PBXProject "BridgeSample" */;
			compatibilityVersion = "Xcode 14.0";
			developmentRegion = en;
			hasScannedForEncodings = 0;
			knownRegions = (
				en,
				Base,
			);
			mainGroup = A1000016000000000000001;
			packageReferences = (
				C35C0E7A2EA7AD3800D4D420 /* XCRemoteSwiftPackageReference "Orchard" */,
			);
			productRefGroup = A1000018000000000000001 /* Products */;
			projectDirPath = "";
			projectRoot = "";
			targets = (
				A1000021000000000000001 /* BridgeSample */,
			);
		};
/* End PBXProject section */

/* Begin PBXResourcesBuildPhase section */
		A1000024000000000000001 /* Resources */ = {
			isa = PBXResourcesBuildPhase;
			buildActionMask = 2147483647;
			files = (
				A1000010000000000000001 /* Assets.xcassets in Resources */,
				A1000011000000000000001 /* index.html in Resources */,
			);
			runOnlyForDeploymentPostprocessing = 0;
		};
/* End PBXResourcesBuildPhase section */

/* Begin PBXSourcesBuildPhase section */
		A1000023000000000000001 /* Sources */ = {
			isa = PBXSourcesBuildPhase;
			buildActionMask = 2147483647;
			files = (
				A1000001000000000000001 /* BridgeSampleApp.swift in Sources */,
				A1000031000000000000001 /* TopNavigationView.swift in Sources */,
				A1000033000000000000001 /* BottomNavigationService.swift in Sources */,
				A1000034100000000000001 /* TabNavigationService.swift in Sources */,
				A1000035000000000000001 /* WebViewContainer.swift in Sources */,
				A1000037000000000000001 /* WebViewScreen.swift in Sources */,
				A1000039000000000000001 /* MainTabView.swift in Sources */,
				C35C0E5B2EA780C000D4D420 /* OpenSettingsHandler.swift in Sources */,
				C35C0E5C2EA780C000D4D420 /* LoadSecureDataHandler.swift in Sources */,
				C35C0E5D2EA780C000D4D420 /* TrackEventHandler.swift in Sources */,
				C35C0E5E2EA780C000D4D420 /* DeviceInfoHandler.swift in Sources */,

				C35C0E602EA780C000D4D420 /* SystemBarsHandler.swift in Sources */,
				C35C0E612EA780C000D4D420 /* TopNavigationHandler.swift in Sources */,
				C35C0E622EA780C000D4D420 /* BridgeCommand.swift in Sources */,
				C35C0E632EA780C000D4D420 /* KeychainHelper.swift in Sources */,
				C35C0E642EA780C000D4D420 /* NetworkStatusHandler.swift in Sources */,
				C358B8802EA918F900E7497B /* WebViewController+WindowFocus.swift in Sources */,
				C35C0E652EA780C000D4D420 /* ShowAlertHandler.swift in Sources */,
				C35C0E662EA780C000D4D420 /* JavaScriptBridgeMessage.swift in Sources */,
				C35C0E672EA780C000D4D420 /* JavaScriptBridgeScript.swift in Sources */,
				C35C0E682EA780C000D4D420 /* CopyToClipboardHandler.swift in Sources */,
				C35C0E692EA780C000D4D420 /* RemoveSecureDataHandler.swift in Sources */,
				C35C0E6A2EA780C000D4D420 /* HapticHandler.swift in Sources */,
				C35C0E6B2EA780C000D4D420 /* ShowToastHandler.swift in Sources */,
				C35C0E6C2EA780C000D4D420 /* OpenUrlHandler.swift in Sources */,
				C35C0E6D2EA780C000D4D420 /* RefreshHandler.swift in Sources */,
				C35C0E6E2EA780C000D4D420 /* BottomNavigationHandler.swift in Sources */,
				C35C0E6F2EA780C000D4D420 /* JavaScriptBridge.swift in Sources */,
				C35C0E702EA780C000D4D420 /* TrackScreenHandler.swift in Sources */,
				C35C0E712EA780C000D4D420 /* NavigationHandler.swift in Sources */,
				C35C0E722EA780C000D4D420 /* SaveSecureDataHandler.swift in Sources */,
			);
			runOnlyForDeploymentPostprocessing = 0;
		};
/* End PBXSourcesBuildPhase section */

/* Begin XCBuildConfiguration section */
		A1000027000000000000001 /* Debug */ = {
			isa = XCBuildConfiguration;
			buildSettings = {
				ASSETCATALOG_COMPILER_APPICON_NAME = AppIcon;
				CODE_SIGN_STYLE = Automatic;
				CURRENT_PROJECT_VERSION = 1;
				DEVELOPMENT_TEAM = "";
				ENABLE_PREVIEWS = YES;
				INFOPLIST_FILE = BridgeSample/Info.plist;
				INFOPLIST_KEY_UIApplicationSceneManifest_Generation = YES;
				INFOPLIST_KEY_UIApplicationSupportsIndirectInputEvents = YES;
				INFOPLIST_KEY_UILaunchScreen_Generation = YES;
				INFOPLIST_KEY_UISupportedInterfaceOrientations = "UIInterfaceOrientationPortrait UIInterfaceOrientationLandscapeLeft UIInterfaceOrientationLandscapeRight";
				INFOPLIST_KEY_UISupportedInterfaceOrientations_iPad = "UIInterfaceOrientationPortrait UIInterfaceOrientationPortraitUpsideDown UIInterfaceOrientationLandscapeLeft UIInterfaceOrientationLandscapeRight";
				IPHONEOS_DEPLOYMENT_TARGET = 15;
				LD_RUNPATH_SEARCH_PATHS = (
					"$(inherited)",
					"@executable_path/Frameworks",
				);
				MARKETING_VERSION = 1.0;
				PRODUCT_BUNDLE_IDENTIFIER = com.example.bridgesample;
				PRODUCT_NAME = "$(TARGET_NAME)";
				SWIFT_EMIT_LOC_STRINGS = YES;
				SWIFT_VERSION = 5.0;
				TARGETED_DEVICE_FAMILY = "1,2";
			};
			name = Debug;
		};
		A1000028000000000000001 /* Release */ = {
			isa = XCBuildConfiguration;
			buildSettings = {
				ASSETCATALOG_COMPILER_APPICON_NAME = AppIcon;
				CODE_SIGN_STYLE = Automatic;
				CURRENT_PROJECT_VERSION = 1;
				DEVELOPMENT_TEAM = "";
				ENABLE_PREVIEWS = YES;
				INFOPLIST_FILE = BridgeSample/Info.plist;
				INFOPLIST_KEY_UIApplicationSceneManifest_Generation = YES;
				INFOPLIST_KEY_UIApplicationSupportsIndirectInputEvents = YES;
				INFOPLIST_KEY_UILaunchScreen_Generation = YES;
				INFOPLIST_KEY_UISupportedInterfaceOrientations = "UIInterfaceOrientationPortrait UIInterfaceOrientationLandscapeLeft UIInterfaceOrientationLandscapeRight";
				INFOPLIST_KEY_UISupportedInterfaceOrientations_iPad = "UIInterfaceOrientationPortrait UIInterfaceOrientationPortraitUpsideDown UIInterfaceOrientationLandscapeLeft UIInterfaceOrientationLandscapeRight";
				IPHONEOS_DEPLOYMENT_TARGET = 15;
				LD_RUNPATH_SEARCH_PATHS = (
					"$(inherited)",
					"@executable_path/Frameworks",
				);
				MARKETING_VERSION = 1.0;
				PRODUCT_BUNDLE_IDENTIFIER = com.example.bridgesample;
				PRODUCT_NAME = "$(TARGET_NAME)";
				SWIFT_EMIT_LOC_STRINGS = YES;
				SWIFT_VERSION = 5.0;
				TARGETED_DEVICE_FAMILY = "1,2";
			};
			name = Release;
		};
		A1000029000000000000001 /* Debug */ = {
			isa = XCBuildConfiguration;
			buildSettings = {
				ALWAYS_SEARCH_USER_PATHS = NO;
				CLANG_ANALYZER_NONNULL = YES;
				CLANG_ANALYZER_NUMBER_OBJECT_CONVERSION = YES_AGGRESSIVE;
				CLANG_CXX_LANGUAGE_STANDARD = "gnu++20";
				CLANG_ENABLE_MODULES = YES;
				CLANG_ENABLE_OBJC_ARC = YES;
				CLANG_ENABLE_OBJC_WEAK = YES;
				CLANG_WARN_BLOCK_CAPTURE_AUTORELEASING = YES;
				CLANG_WARN_BOOL_CONVERSION = YES;
				CLANG_WARN_COMMA = YES;
				CLANG_WARN_CONSTANT_CONVERSION = YES;
				CLANG_WARN_DEPRECATED_OBJC_IMPLEMENTATIONS = YES;
				CLANG_WARN_DIRECT_OBJC_ISA_USAGE = YES_ERROR;
				CLANG_WARN_DOCUMENTATION_COMMENTS = YES;
				CLANG_WARN_EMPTY_BODY = YES;
				CLANG_WARN_ENUM_CONVERSION = YES;
				CLANG_WARN_INFINITE_RECURSION = YES;
				CLANG_WARN_INT_CONVERSION = YES;
				CLANG_WARN_NON_LITERAL_NULL_CONVERSION = YES;
				CLANG_WARN_OBJC_IMPLICIT_RETAIN_SELF = YES;
				CLANG_WARN_OBJC_LITERAL_CONVERSION = YES;
				CLANG_WARN_OBJC_ROOT_CLASS = YES_ERROR;
				CLANG_WARN_QUOTED_INCLUDE_IN_FRAMEWORK_HEADER = YES;
				CLANG_WARN_RANGE_LOOP_ANALYSIS = YES;
				CLANG_WARN_STRICT_PROTOTYPES = YES;
				CLANG_WARN_SUSPICIOUS_MOVE = YES;
				CLANG_WARN_UNGUARDED_AVAILABILITY = YES_AGGRESSIVE;
				CLANG_WARN_UNREACHABLE_CODE = YES;
				CLANG_WARN__DUPLICATE_METHOD_MATCH = YES;
				COPY_PHASE_STRIP = NO;
				DEBUG_INFORMATION_FORMAT = dwarf;
				ENABLE_STRICT_OBJC_MSGSEND = YES;
				ENABLE_TESTABILITY = YES;
				GCC_C_LANGUAGE_STANDARD = gnu11;
				GCC_DYNAMIC_NO_PIC = NO;
				GCC_NO_COMMON_BLOCKS = YES;
				GCC_OPTIMIZATION_LEVEL = 0;
				GCC_PREPROCESSOR_DEFINITIONS = (
					"DEBUG=1",
					"$(inherited)",
				);
				GCC_WARN_64_TO_32_BIT_CONVERSION = YES;
				GCC_WARN_ABOUT_RETURN_TYPE = YES_ERROR;
				GCC_WARN_UNDECLARED_SELECTOR = YES;
				GCC_WARN_UNINITIALIZED_AUTOS = YES_AGGRESSIVE;
				GCC_WARN_UNUSED_FUNCTION = YES;
				GCC_WARN_UNUSED_VARIABLE = YES;
				IPHONEOS_DEPLOYMENT_TARGET = 15.0;
				MTL_ENABLE_DEBUG_INFO = INCLUDE_SOURCE;
				MTL_FAST_MATH = YES;
				ONLY_ACTIVE_ARCH = YES;
				SDKROOT = iphoneos;
				SWIFT_ACTIVE_COMPILATION_CONDITIONS = DEBUG;
				SWIFT_OPTIMIZATION_LEVEL = "-Onone";
			};
			name = Debug;
		};
		A1000030000000000000001 /* Release */ = {
			isa = XCBuildConfiguration;
			buildSettings = {
				ALWAYS_SEARCH_USER_PATHS = NO;
				CLANG_ANALYZER_NONNULL = YES;
				CLANG_ANALYZER_NUMBER_OBJECT_CONVERSION = YES_AGGRESSIVE;
				CLANG_CXX_LANGUAGE_STANDARD = "gnu++20";
				CLANG_ENABLE_MODULES = YES;
				CLANG_ENABLE_OBJC_ARC = YES;
				CLANG_ENABLE_OBJC_WEAK = YES;
				CLANG_WARN_BLOCK_CAPTURE_AUTORELEASING = YES;
				CLANG_WARN_BOOL_CONVERSION = YES;
				CLANG_WARN_COMMA = YES;
				CLANG_WARN_CONSTANT_CONVERSION = YES;
				CLANG_WARN_DEPRECATED_OBJC_IMPLEMENTATIONS = YES;
				CLANG_WARN_DIRECT_OBJC_ISA_USAGE = YES_ERROR;
				CLANG_WARN_DOCUMENTATION_COMMENTS = YES;
				CLANG_WARN_EMPTY_BODY = YES;
				CLANG_WARN_ENUM_CONVERSION = YES;
				CLANG_WARN_INFINITE_RECURSION = YES;
				CLANG_WARN_INT_CONVERSION = YES;
				CLANG_WARN_NON_LITERAL_NULL_CONVERSION = YES;
				CLANG_WARN_OBJC_IMPLICIT_RETAIN_SELF = YES;
				CLANG_WARN_OBJC_LITERAL_CONVERSION = YES;
				CLANG_WARN_OBJC_ROOT_CLASS = YES_ERROR;
				CLANG_WARN_QUOTED_INCLUDE_IN_FRAMEWORK_HEADER = YES;
				CLANG_WARN_RANGE_LOOP_ANALYSIS = YES;
				CLANG_WARN_STRICT_PROTOTYPES = YES;
				CLANG_WARN_SUSPICIOUS_MOVE = YES;
				CLANG_WARN_UNGUARDED_AVAILABILITY = YES_AGGRESSIVE;
				CLANG_WARN_UNREACHABLE_CODE = YES;
				CLANG_WARN__DUPLICATE_METHOD_MATCH = YES;
				COPY_PHASE_STRIP = NO;
				DEBUG_INFORMATION_FORMAT = "dwarf-with-dsym";
				ENABLE_NS_ASSERTIONS = NO;
				ENABLE_STRICT_OBJC_MSGSEND = YES;
				GCC_C_LANGUAGE_STANDARD = gnu11;
				GCC_NO_COMMON_BLOCKS = YES;
				GCC_WARN_64_TO_32_BIT_CONVERSION = YES;
				GCC_WARN_ABOUT_RETURN_TYPE = YES_ERROR;
				GCC_WARN_UNDECLARED_SELECTOR = YES;
				GCC_WARN_UNINITIALIZED_AUTOS = YES_AGGRESSIVE;
				GCC_WARN_UNUSED_FUNCTION = YES;
				GCC_WARN_UNUSED_VARIABLE = YES;
				IPHONEOS_DEPLOYMENT_TARGET = 15.0;
				MTL_ENABLE_DEBUG_INFO = NO;
				MTL_FAST_MATH = YES;
				SDKROOT = iphoneos;
				SWIFT_COMPILATION_MODE = wholemodule;
				SWIFT_OPTIMIZATION_LEVEL = "-O";
				VALIDATE_PRODUCT = YES;
			};
			name = Release;
		};
/* End XCBuildConfiguration section */

/* Begin XCConfigurationList section */
		A1000022000000000000001 /* Build configuration list for PBXNativeTarget "BridgeSample" */ = {
			isa = XCConfigurationList;
			buildConfigurations = (
				A1000027000000000000001 /* Debug */,
				A1000028000000000000001 /* Release */,
			);
			defaultConfigurationIsVisible = 0;
			defaultConfigurationName = Release;
		};
		A1000026000000000000001 /* Build configuration list for PBXProject "BridgeSample" */ = {
			isa = XCConfigurationList;
			buildConfigurations = (
				A1000029000000000000001 /* Debug */,
				A1000030000000000000001 /* Release */,
			);
			defaultConfigurationIsVisible = 0;
			defaultConfigurationName = Release;
		};
/* End XCConfigurationList section */

/* Begin XCRemoteSwiftPackageReference section */
		C35C0E7A2EA7AD3800D4D420 /* XCRemoteSwiftPackageReference "Orchard" */ = {
			isa = XCRemoteSwiftPackageReference;
			repositoryURL = "https://github.com/kibotu/Orchard";
			requirement = {
				kind = upToNextMajorVersion;
				minimumVersion = 1.0.7;
			};
		};
/* End XCRemoteSwiftPackageReference section */

/* Begin XCSwiftPackageProductDependency section */
		C35C0E7B2EA7AD3800D4D420 /* Orchard */ = {
			isa = XCSwiftPackageProductDependency;
			package = C35C0E7A2EA7AD3800D4D420 /* XCRemoteSwiftPackageReference "Orchard" */;
			productName = Orchard;
		};
/* End XCSwiftPackageProductDependency section */
	};
	rootObject = A1000025000000000000001 /* Project object */;
}
